
Microsoft Visual Studio Solution File, Format Version 12.00
# Visual Studio Version 16
VisualStudioVersion = 16.0.29418.71
MinimumVisualStudioVersion = 10.0.40219.1
Project("{FAE04EC0-301F-11D3-BF4B-00C04F79EFBC}") = "TheBestProject", "TheBestProject\TheBestProject.csproj", "{CE6958BA-E5E9-48A5-A02D-50A09B73A6E4}"
EndProject
Global
	GlobalSection(SolutionConfigurationPlatforms) = preSolution
		Debug|Any CPU = Debug|Any CPU
		Release|Any CPU = Release|Any CPU
	EndGlobalSection
	GlobalSection(ProjectConfigurationPlatforms) = postSolution
		{CE6958BA-E5E9-48A5-A02D-50A09B73A6E4}.Debug|Any CPU.ActiveCfg = Debug|Any CPU
		{CE6958BA-E5E9-48A5-A02D-50A09B73A6E4}.Debug|Any CPU.Build.0 = Debug|Any CPU
		{CE6958BA-E5E9-48A5-A02D-50A09B73A6E4}.Release|Any CPU.ActiveCfg = Release|Any CPU
		{CE6958BA-E5E9-48A5-A02D-50A09B73A6E4}.Release|Any CPU.Build.0 = Release|Any CPU
	EndGlobalSection
	GlobalSection(SolutionProperties) = preSolution
		HideSolutionNode = FALSE
	EndGlobalSection
	GlobalSection(ExtensibilityGlobals) = postSolution
		SolutionGuid = {E018FDE8-6661-4D2F-B586-647CBECFD653}
	EndGlobalSection
EndGlobal
